{
  "name": "mandate",
  "lockfileVersion": 3,
  "requires": true,
  "packages": {
    "": {
      "name": "mandate",
      "workspaces": [
        "packages/kernel",
        "packages/registry",
        "packages/adapter-robinhood"
      ],
      "devDependencies": {
        "@types/node": "22.20.2",
        "typescript": "5.9.3"
      },
      "engines": {
        "node": ">=22.18.0"
      }
    },
    "node_modules/@mandate/adapter-robinhood": {
      "resolved": "packages/adapter-robinhood",
      "link": true
    },
    "node_modules/@mandate/kernel": {
      "resolved": "packages/kernel",
      "link": true
    },
    "node_modules/@mandate/registry": {
      "resolved": "packages/registry",
      "link": true
    },
    "node_modules/@noble/curves": {
      "version": "2.4.0",
      "resolved": "https://registry.npmjs.org/@noble/curves/-/curves-2.4.0.tgz",
      "integrity": "sha512-P4/62zrgfH33CneE3Dn4WhJVA22YUU0eR51wKIan4NVRvwsA0YnPTwWGpNbpuacSujmSFLvyzpyuR30+fbq2Ew==",
      "license": "MIT",
      "dependencies": {
        "@noble/hashes": "2.4.0"
      },
      "engines": {
        "node": ">= 20.19.0"
      },
      "funding": {
        "url": "https://paulmillr.com/funding/"
      }
    },
    "node_modules/@noble/hashes": {
      "version": "2.4.0",
      "resolved": "https://registry.npmjs.org/@noble/hashes/-/hashes-2.4.0.tgz",
      "integrity": "sha512-X5XaVWZIBCT7HHZGm5I7ZQXDwLG+bGXuSrMQAW+7Zvl87h1kmc1ZB1VSRJcpUfoUrGQp4Fkoxm5kZ+Ms+aW+eA==",
      "license": "MIT",
      "engines": {
        "node": ">= 20.19.0"
      },
      "funding": {
        "url": "https://paulmillr.com/funding/"
      }
    },
    "node_modules/@types/node": {
      "version": "22.20.2",
      "resolved": "https://registry.npmjs.org/@types/node/-/node-22.20.2.tgz",
      "integrity": "sha512-xlvWf4Vs9n1PEVYwP1n4vvG07M6y8WgvJ2t0vbrWTmijsIHp1cS+uJ2kMIRdY3nHZK0nCYKrPeD171+SzF4/zw==",
      "dev": true,
      "license": "MIT",
      "dependencies": {
        "undici-types": "~6.21.0"
      }
    },
    "node_modules/typescript": {
      "version": "5.9.3",
      "resolved": "https://registry.npmjs.org/typescript/-/typescript-5.9.3.tgz",
      "integrity": "sha512-jl1vZzPDinLr9eUt3J/t7V6FgNEw9QjvBPdysz9KfQDD41fQrC2Y4vKQdiaUpFT4bXlb1RHhLpp8wtm6M5TgSw==",
      "dev": true,
      "license": "Apache-2.0",
      "bin": {
        "tsc": "bin/tsc",
        "tsserver": "bin/tsserver"
      },
      "engines": {
        "node": ">=14.17"
      }
    },
    "node_modules/undici-types": {
      "version": "6.21.0",
      "resolved": "https://registry.npmjs.org/undici-types/-/undici-types-6.21.0.tgz",
      "integrity": "sha512-iwDZqg0QAGrg9Rav5H4n0M64c3mkR59cJ6wQp+7C4nI0gsmExaedaYLNO44eT4AtBBwjbTiGPMlt2Md0T9H9JQ==",
      "dev": true,
      "license": "MIT"
    },
    "packages/adapter-robinhood": {
      "name": "@mandate/adapter-robinhood",
      "version": "0.1.0",
      "dependencies": {
        "@mandate/kernel": "0.1.0",
        "@mandate/registry": "0.1.0"
      },
      "engines": {
        "node": ">=22.18.0"
      }
    },
    "packages/kernel": {
      "name": "@mandate/kernel",
      "version": "0.1.0",
      "dependencies": {
        "@noble/curves": "2.4.0",
        "@noble/hashes": "2.4.0"
      },
      "engines": {
        "node": ">=22.18.0"
      }
    },
    "packages/registry": {
      "name": "@mandate/registry",
      "version": "0.1.0",
      "dependencies": {
        "@mandate/kernel": "0.1.0"
      },
      "engines": {
        "node": ">=22.18.0"
      }
    }
  }
}
